// !$*UTF8*$!
{
	archiveVersion = 1;
	classes = {
	};
	objectVersion = 50;
	objects = {

/* Begin PBXBuildFile section */
		49392CEE23674FAC008AABB9 /* AppDelegate.swift in Sources */ = {isa = PBXBuildFile; fileRef = 49392CED23674FAC008AABB9 /* AppDelegate.swift */; };
		49392CF023674FAC008AABB9 /* SceneDelegate.swift in Sources */ = {isa = PBXBuildFile; fileRef = 49392CEF23674FAC008AABB9 /* SceneDelegate.swift */; };
		49392CF223674FAC008AABB9 /* ViewController.swift in Sources */ = {isa = PBXBuildFile; fileRef = 49392CF123674FAC008AABB9 /* ViewController.swift */; };
		49392CF523674FAC008AABB9 /* Main.storyboard in Resources */ = {isa = PBXBuildFile; fileRef = 49392CF323674FAC008AABB9 /* Main.storyboard */; };
		49392CF723674FAD008AABB9 /* Assets.xcassets in Resources */ = {isa = PBXBuildFile; fileRef = 49392CF623674FAD008AABB9 /* Assets.xcassets */; };
		49392CFA23674FAD008AABB9 /* LaunchScreen.storyboard in Resources */ = {isa = PBXBuildFile; fileRef = 49392CF823674FAD008AABB9 /* LaunchScreen.storyboard */; };
		49392D0523674FAE008AABB9 /* webViewBoilerplateTests.swift in Sources */ = {isa = PBXBuildFile; fileRef = 49392D0423674FAE008AABB9 /* webViewBoilerplateTests.swift */; };
		49392D1023674FAE008AABB9 /* webViewBoilerplateUITests.swift in Sources */ = {isa = PBXBuildFile; fileRef = 49392D0F23674FAE008AABB9 /* webViewBoilerplateUITests.swift */; };
/* End PBXBuildFile section */

/* Begin PBXContainerItemProxy section */
		49392D0123674FAE008AABB9 /* PBXContainerItemProxy */ = {
			isa = PBXContainerItemProxy;
			containerPortal = 49392CE223674FAC008AABB9 /* Project object */;
			proxyType = 1;
			remoteGlobalIDString = 49392CE923674FAC008AABB9;
			remoteInfo = webViewBoilerplate;
		};
		49392D0C23674FAE008AABB9 /* PBXContainerItemProxy */ = {
			isa = PBXContainerItemProxy;
			containerPortal = 49392CE223674FAC008AABB9 /* Project object */;
			proxyType = 1;
			remoteGlobalIDString = 49392CE923674FAC008AABB9;
			remoteInfo = webViewBoilerplate;
		};
/* End PBXContainerItemProxy section */

/* Begin PBXFileReference section */
		49392CEA23674FAC008AABB9 /* webViewBoilerplate.app */ = {isa = PBXFileReference; explicitFileType = wrapper.application; includeInIndex = 0; path = webViewBoilerplate.app; sourceTree = BUILT_PRODUCTS_DIR; };
		49392CED23674FAC008AABB9 /* AppDelegate.swift */ = {isa = PBXFileReference; lastKnownFileType = sourcecode.swift; path = AppDelegate.swift; sourceTree = "<group>"; };
		49392CEF23674FAC008AABB9 /* SceneDelegate.swift */ = {isa = PBXFileReference; lastKnownFileType = sourcecode.swift; path = SceneDelegate.swift; sourceTree = "<group>"; };
		49392CF123674FAC008AABB9 /* ViewController.swift */ = {isa = PBXFileReference; lastKnownFileType = sourcecode.swift; path = ViewController.swift; sourceTree = "<group>"; };
		49392CF423674FAC008AABB9 /* Base */ = {isa = PBXFileReference; lastKnownFileType = file.storyboard; name = Base; path = Base.lproj/Main.storyboard; sourceTree = "<group>"; };
		49392CF623674FAD008AABB9 /* Assets.xcassets */ = {isa = PBXFileReference; lastKnownFileType = folder.assetcatalog; path = Assets.xcassets; sourceTree = "<group>"; };
		49392CF923674FAD008AABB9 /* Base */ = {isa = PBXFileReference; lastKnownFileType = file.storyboard; name = Base; path = Base.lproj/LaunchScreen.storyboard; sourceTree = "<group>"; };
		49392CFB23674FAD008AABB9 /* Info.plist */ = {isa = PBXFileReference; lastKnownFileType = text.plist.xml; path = Info.plist; sourceTree = "<group>"; };
		49392D0023674FAE008AABB9 /* webViewBoilerplateTests.xctest */ = {isa = PBXFileReference; explicitFileType = wrapper.cfbundle; includeInIndex = 0; path = webViewBoilerplateTests.xctest; sourceTree = BUILT_PRODUCTS_DIR; };
		49392D0423674FAE008AABB9 /* webViewBoilerplateTests.swift */ = {isa = PBXFileReference; lastKnownFileType = sourcecode.swift; path = webViewBoilerplateTests.swift; sourceTree = "<group>"; };
		49392D0623674FAE008AABB9 /* Info.plist */ = {isa = PBXFileReference; lastKnownFileType = text.plist.xml; path = Info.plist; sourceTree = "<group>"; };
		49392D0B23674FAE008AABB9 /* webViewBoilerplateUITests.xctest */ = {isa = PBXFileReference; explicitFileType = wrapper.cfbundle; includeInIndex = 0; path = webViewBoilerplateUITests.xctest; sourceTree = BUILT_PRODUCTS_DIR; };
		49392D0F23674FAE008AABB9 /* webViewBoilerplateUITests.swift */ = {isa = PBXFileReference; lastKnownFileType = sourcecode.swift; path = webViewBoilerplateUITests.swift; sourceTree = "<group>"; };
		49392D1123674FAE008AABB9 /* Info.plist */ = {isa = PBXFileReference; lastKnownFileType = text.plist.xml; path = Info.plist; sourceTree = "<group>"; };
/* End PBXFileReference section */

/* Begin PBXFrameworksBuildPhase section */
		49392CE723674FAC008AABB9 /* Frameworks */ = {
			isa = PBXFrameworksBuildPhase;
			buildActionMask = 2147483647;
			files = (
			);
			runOnlyForDeploymentPostprocessing = 0;
		};
		49392CFD23674FAE008AABB9 /* Frameworks */ = {
			isa = PBXFrameworksBuildPhase;
			buildActionMask = 2147483647;
			files = (
			);
			runOnlyForDeploymentPostprocessing = 0;
		};
		49392D0823674FAE008AABB9 /* Frameworks */ = {
			isa = PBXFrameworksBuildPhase;
			buildActionMask = 2147483647;
			files = (
			);
			runOnlyForDeploymentPostprocessing = 0;
		};
/* End PBXFrameworksBuildPhase section */

/* Begin PBXGroup section */
		49392CE123674FAC008AABB9 = {
			isa = PBXGroup;
			children = (
				49392CEC23674FAC008AABB9 /* webViewBoilerplate */,
				49392D0323674FAE008AABB9 /* webViewBoilerplateTests */,
				49392D0E23674FAE008AABB9 /* webViewBoilerplateUITests */,
				49392CEB23674FAC008AABB9 /* Products */,
			);
			sourceTree = "<group>";
		};
		49392CEB23674FAC008AABB9 /* Products */ = {
			isa = PBXGroup;
			children = (
				49392CEA23674FAC008AABB9 /* webViewBoilerplate.app */,
				49392D0023674FAE008AABB9 /* webViewBoilerplateTests.xctest */,
				49392D0B23674FAE008AABB9 /* webViewBoilerplateUITests.xctest */,
			);
			name = Products;
			sourceTree = "<group>";
		};
		49392CEC23674FAC008AABB9 /* webViewBoilerplate */ = {
			isa = PBXGroup;
			children = (
				49392CED23674FAC008AABB9 /* AppDelegate.swift */,
				49392CEF23674FAC008AABB9 /* SceneDelegate.swift */,
				49392CF123674FAC008AABB9 /* ViewController.swift */,
				49392CF323674FAC008AABB9 /* Main.storyboard */,
				49392CF623674FAD008AABB9 /* Assets.xcassets */,
				49392CF823674FAD008AABB9 /* LaunchScreen.storyboard */,
				49392CFB23674FAD008AABB9 /* Info.plist */,
			);
			path = webViewBoilerplate;
			sourceTree = "<group>";
		};
		49392D0323674FAE008AABB9 /* webViewBoilerplateTests */ = {
			isa = PBXGroup;
			children = (
				49392D0423674FAE008AABB9 /* webViewBoilerplateTests.swift */,
				49392D0623674FAE008AABB9 /* Info.plist */,
			);
			path = webViewBoilerplateTests;
			sourceTree = "<group>";
		};
		49392D0E23674FAE008AABB9 /* webViewBoilerplateUITests */ = {
			isa = PBXGroup;
			children = (
				49392D0F23674FAE008AABB9 /* webViewBoilerplateUITests.swift */,
				49392D1123674FAE008AABB9 /* Info.plist */,
			);
			path = webViewBoilerplateUITests;
			sourceTree = "<group>";
		};
/* End PBXGroup section */

/* Begin PBXNativeTarget section */
		49392CE923674FAC008AABB9 /* webViewBoilerplate */ = {
			isa = PBXNativeTarget;
			buildConfigurationList = 49392D1423674FAE008AABB9 /* Build configuration list for PBXNativeTarget "webViewBoilerplate" */;
			buildPhases = (
				49392CE623674FAC008AABB9 /* Sources */,
				49392CE723674FAC008AABB9 /* Frameworks */,
				49392CE823674FAC008AABB9 /* Resources */,
			);
			buildRules = (
			);
			dependencies = (
			);
			name = webViewBoilerplate;
			productName = webViewBoilerplate;
			productReference = 49392CEA23674FAC008AABB9 /* webViewBoilerplate.app */;
			productType = "com.apple.product-type.application";
		};
		49392CFF23674FAE008AABB9 /* webViewBoilerplateTests */ = {
			isa = PBXNativeTarget;
			buildConfigurationList = 49392D1723674FAE008AABB9 /* Build configuration list for PBXNativeTarget "webViewBoilerplateTests" */;
			buildPhases = (
				49392CFC23674FAE008AABB9 /* Sources */,
				49392CFD23674FAE008AABB9 /* Frameworks */,
				49392CFE23674FAE008AABB9 /* Resources */,
			);
			buildRules = (
			);
			dependencies = (
				49392D0223674FAE008AABB9 /* PBXTargetDependency */,
			);
			name = webViewBoilerplateTests;
			productName = webViewBoilerplateTests;
			productReference = 49392D0023674FAE008AABB9 /* webViewBoilerplateTests.xctest */;
			productType = "com.apple.product-type.bundle.unit-test";
		};
		49392D0A23674FAE008AABB9 /* webViewBoilerplateUITests */ = {
			isa = PBXNativeTarget;
			buildConfigurationList = 49392D1A23674FAE008AABB9 /* Build configuration list for PBXNativeTarget "webViewBoilerplateUITests" */;
			buildPhases = (
				49392D0723674FAE008AABB9 /* Sources */,
				49392D0823674FAE008AABB9 /* Frameworks */,
				49392D0923674FAE008AABB9 /* Resources */,
			);
			buildRules = (
			);
			dependencies = (
				49392D0D23674FAE008AABB9 /* PBXTargetDependency */,
			);
			name = webViewBoilerplateUITests;
			productName = webViewBoilerplateUITests;
			productReference = 49392D0B23674FAE008AABB9 /* webViewBoilerplateUITests.xctest */;
			productType = "com.apple.product-type.bundle.ui-testing";
		};
/* End PBXNativeTarget section */

/* Begin PBXProject section */
		49392CE223674FAC008AABB9 /* Project object */ = {
			isa = PBXProject;
			attributes = {
				LastSwiftUpdateCheck = 1110;
				LastUpgradeCheck = 1110;
				ORGANIZATIONNAME = Box;
				TargetAttributes = {
					49392CE923674FAC008AABB9 = {
						CreatedOnToolsVersion = 11.1;
					};
					49392CFF23674FAE008AABB9 = {
						CreatedOnToolsVersion = 11.1;
						TestTargetID = 49392CE923674FAC008AABB9;
					};
					49392D0A23674FAE008AABB9 = {
						CreatedOnToolsVersion = 11.1;
						TestTargetID = 49392CE923674FAC008AABB9;
					};
				};
			};
			buildConfigurationList = 49392CE523674FAC008AABB9 /* Build configuration list for PBXProject "webViewBoilerplate" */;
			compatibilityVersion = "Xcode 9.3";
			developmentRegion = en;
			hasScannedForEncodings = 0;
			knownRegions = (
				en,
				Base,
			);
			mainGroup = 49392CE123674FAC008AABB9;
			productRefGroup = 49392CEB23674FAC008AABB9 /* Products */;
			projectDirPath = "";
			projectRoot = "";
			targets = (
				49392CE923674FAC008AABB9 /* webViewBoilerplate */,
				49392CFF23674FAE008AABB9 /* webViewBoilerplateTests */,
				49392D0A23674FAE008AABB9 /* webViewBoilerplateUITests */,
			);
		};
/* End PBXProject section */

/* Begin PBXResourcesBuildPhase section */
		49392CE823674FAC008AABB9 /* Resources */ = {
			isa = PBXResourcesBuildPhase;
			buildActionMask = 2147483647;
			files = (
				49392CFA23674FAD008AABB9 /* LaunchScreen.storyboard in Resources */,
				49392CF723674FAD008AABB9 /* Assets.xcassets in Resources */,
				49392CF523674FAC008AABB9 /* Main.storyboard in Resources */,
			);
			runOnlyForDeploymentPostprocessing = 0;
		};
		49392CFE23674FAE008AABB9 /* Resources */ = {
			isa = PBXResourcesBuildPhase;
			buildActionMask = 2147483647;
			files = (
			);
			runOnlyForDeploymentPostprocessing = 0;
		};
		49392D0923674FAE008AABB9 /* Resources */ = {
			isa = PBXResourcesBuildPhase;
			buildActionMask = 2147483647;
			files = (
			);
			runOnlyForDeploymentPostprocessing = 0;
		};
/* End PBXResourcesBuildPhase section */

/* Begin PBXSourcesBuildPhase section */
		49392CE623674FAC008AABB9 /* Sources */ = {
			isa = PBXSourcesBuildPhase;
			buildActionMask = 2147483647;
			files = (
				49392CF223674FAC008AABB9 /* ViewController.swift in Sources */,
				49392CEE23674FAC008AABB9 /* AppDelegate.swift in Sources */,
				49392CF023674FAC008AABB9 /* SceneDelegate.swift in Sources */,
			);
			runOnlyForDeploymentPostprocessing = 0;
		};
		49392CFC23674FAE008AABB9 /* Sources */ = {
			isa = PBXSourcesBuildPhase;
			buildActionMask = 2147483647;
			files = (
				49392D0523674FAE008AABB9 /* webViewBoilerplateTests.swift in Sources */,
			);
			runOnlyForDeploymentPostprocessing = 0;
		};
		49392D0723674FAE008AABB9 /* Sources */ = {
			isa = PBXSourcesBuildPhase;
			buildActionMask = 2147483647;
			files = (
				49392D1023674FAE008AABB9 /* webViewBoilerplateUITests.swift in Sources */,
			);
			runOnlyForDeploymentPostprocessing = 0;
		};
/* End PBXSourcesBuildPhase section */

/* Begin PBXTargetDependency section */
		49392D0223674FAE008AABB9 /* PBXTargetDependency */ = {
			isa = PBXTargetDependency;
			target = 49392CE923674FAC008AABB9 /* webViewBoilerplate */;
			targetProxy = 49392D0123674FAE008AABB9 /* PBXContainerItemProxy */;
		};
		49392D0D23674FAE008AABB9 /* PBXTargetDependency */ = {
			isa = PBXTargetDependency;
			target = 49392CE923674FAC008AABB9 /* webViewBoilerplate */;
			targetProxy = 49392D0C23674FAE008AABB9 /* PBXContainerItemProxy */;
		};
/* End PBXTargetDependency section */

/* Begin PBXVariantGroup section */
		49392CF323674FAC008AABB9 /* Main.storyboard */ = {
			isa = PBXVariantGroup;
			children = (
				49392CF423674FAC008AABB9 /* Base */,
			);
			name = Main.storyboard;
			sourceTree = "<group>";
		};
		49392CF823674FAD008AABB9 /* LaunchScreen.storyboard */ = {
			isa = PBXVariantGroup;
			children = (
				49392CF923674FAD008AABB9 /* Base */,
			);
			name = LaunchScreen.storyboard;
			sourceTree = "<group>";
		};
/* End PBXVariantGroup section */

/* Begin XCBuildConfiguration section */
		49392D1223674FAE008AABB9 /* Debug */ = {
			isa = XCBuildConfiguration;
			buildSettings = {
				ALWAYS_SEARCH_USER_PATHS = NO;
				CLANG_ANALYZER_NONNULL = YES;
				CLANG_ANALYZER_NUMBER_OBJECT_CONVERSION = YES_AGGRESSIVE;
				CLANG_CXX_LANGUAGE_STANDARD = "gnu++14";
				CLANG_CXX_LIBRARY = "libc++";
				CLANG_ENABLE_MODULES = YES;
				CLANG_ENABLE_OBJC_ARC = YES;
				CLANG_ENABLE_OBJC_WEAK = YES;
				CLANG_WARN_BLOCK_CAPTURE_AUTORELEASING = YES;
				CLANG_WARN_BOOL_CONVERSION = YES;
				CLANG_WARN_COMMA = YES;
				CLANG_WARN_CONSTANT_CONVERSION = YES;
				CLANG_WARN_DEPRECATED_OBJC_IMPLEMENTATIONS = YES;
				CLANG_WARN_DIRECT_OBJC_ISA_USAGE = YES_ERROR;
				CLANG_WARN_DOCUMENTATION_COMMENTS = YES;
				CLANG_WARN_EMPTY_BODY = YES;
				CLANG_WARN_ENUM_CONVERSION = YES;
				CLANG_WARN_INFINITE_RECURSION = YES;
				CLANG_WARN_INT_CONVERSION = YES;
				CLANG_WARN_NON_LITERAL_NULL_CONVERSION = YES;
				CLANG_WARN_OBJC_IMPLICIT_RETAIN_SELF = YES;
				CLANG_WARN_OBJC_LITERAL_CONVERSION = YES;
				CLANG_WARN_OBJC_ROOT_CLASS = YES_ERROR;
				CLANG_WARN_RANGE_LOOP_ANALYSIS = YES;
				CLANG_WARN_STRICT_PROTOTYPES = YES;
				CLANG_WARN_SUSPICIOUS_MOVE = YES;
				CLANG_WARN_UNGUARDED_AVAILABILITY = YES_AGGRESSIVE;
				CLANG_WARN_UNREACHABLE_CODE = YES;
				CLANG_WARN__DUPLICATE_METHOD_MATCH = YES;
				COPY_PHASE_STRIP = NO;
				DEBUG_INFORMATION_FORMAT = dwarf;
				ENABLE_STRICT_OBJC_MSGSEND = YES;
				ENABLE_TESTABILITY = YES;
				GCC_C_LANGUAGE_STANDARD = gnu11;
				GCC_DYNAMIC_NO_PIC = NO;
				GCC_NO_COMMON_BLOCKS = YES;
				GCC_OPTIMIZATION_LEVEL = 0;
				GCC_PREPROCESSOR_DEFINITIONS = (
					"DEBUG=1",
					"$(inherited)",
				);
				GCC_WARN_64_TO_32_BIT_CONVERSION = YES;
				GCC_WARN_ABOUT_RETURN_TYPE = YES_ERROR;
				GCC_WARN_UNDECLARED_SELECTOR = YES;
				GCC_WARN_UNINITIALIZED_AUTOS = YES_AGGRESSIVE;
				GCC_WARN_UNUSED_FUNCTION = YES;
				GCC_WARN_UNUSED_VARIABLE = YES;
				IPHONEOS_DEPLOYMENT_TARGET = 13.1;
				MTL_ENABLE_DEBUG_INFO = INCLUDE_SOURCE;
				MTL_FAST_MATH = YES;
				ONLY_ACTIVE_ARCH = YES;
				SDKROOT = iphoneos;
				SWIFT_ACTIVE_COMPILATION_CONDITIONS = DEBUG;
				SWIFT_OPTIMIZATION_LEVEL = "-Onone";
			};
			name = Debug;
		};
		49392D1323674FAE008AABB9 /* Release */ = {
			isa = XCBuildConfiguration;
			buildSettings = {
				ALWAYS_SEARCH_USER_PATHS = NO;
				CLANG_ANALYZER_NONNULL = YES;
				CLANG_ANALYZER_NUMBER_OBJECT_CONVERSION = YES_AGGRESSIVE;
				CLANG_CXX_LANGUAGE_STANDARD = "gnu++14";
				CLANG_CXX_LIBRARY = "libc++";
				CLANG_ENABLE_MODULES = YES;
				CLANG_ENABLE_OBJC_ARC = YES;
				CLANG_ENABLE_OBJC_WEAK = YES;
				CLANG_WARN_BLOCK_CAPTURE_AUTORELEASING = YES;
				CLANG_WARN_BOOL_CONVERSION = YES;
				CLANG_WARN_COMMA = YES;
				CLANG_WARN_CONSTANT_CONVERSION = YES;
				CLANG_WARN_DEPRECATED_OBJC_IMPLEMENTATIONS = YES;
				CLANG_WARN_DIRECT_OBJC_ISA_USAGE = YES_ERROR;
				CLANG_WARN_DOCUMENTATION_COMMENTS = YES;
				CLANG_WARN_EMPTY_BODY = YES;
				CLANG_WARN_ENUM_CONVERSION = YES;
				CLANG_WARN_INFINITE_RECURSION = YES;
				CLANG_WARN_INT_CONVERSION = YES;
				CLANG_WARN_NON_LITERAL_NULL_CONVERSION = YES;
				CLANG_WARN_OBJC_IMPLICIT_RETAIN_SELF = YES;
				CLANG_WARN_OBJC_LITERAL_CONVERSION = YES;
				CLANG_WARN_OBJC_ROOT_CLASS = YES_ERROR;
				CLANG_WARN_RANGE_LOOP_ANALYSIS = YES;
				CLANG_WARN_STRICT_PROTOTYPES = YES;
				CLANG_WARN_SUSPICIOUS_MOVE = YES;
				CLANG_WARN_UNGUARDED_AVAILABILITY = YES_AGGRESSIVE;
				CLANG_WARN_UNREACHABLE_CODE = YES;
				CLANG_WARN__DUPLICATE_METHOD_MATCH = YES;
				COPY_PHASE_STRIP = NO;
				DEBUG_INFORMATION_FORMAT = "dwarf-with-dsym";
				ENABLE_NS_ASSERTIONS = NO;
				ENABLE_STRICT_OBJC_MSGSEND = YES;
				GCC_C_LANGUAGE_STANDARD = gnu11;
				GCC_NO_COMMON_BLOCKS = YES;
				GCC_WARN_64_TO_32_BIT_CONVERSION = YES;
				GCC_WARN_ABOUT_RETURN_TYPE = YES_ERROR;
				GCC_WARN_UNDECLARED_SELECTOR = YES;
				GCC_WARN_UNINITIALIZED_AUTOS = YES_AGGRESSIVE;
				GCC_WARN_UNUSED_FUNCTION = YES;
				GCC_WARN_UNUSED_VARIABLE = YES;
				IPHONEOS_DEPLOYMENT_TARGET = 13.1;
				MTL_ENABLE_DEBUG_INFO = NO;
				MTL_FAST_MATH = YES;
				SDKROOT = iphoneos;
				SWIFT_COMPILATION_MODE = wholemodule;
				SWIFT_OPTIMIZATION_LEVEL = "-O";
				VALIDATE_PRODUCT = YES;
			};
			name = Release;
		};
		49392D1523674FAE008AABB9 /* Debug */ = {
			isa = XCBuildConfiguration;
			buildSettings = {
				ASSETCATALOG_COMPILER_APPICON_NAME = AppIcon;
				CODE_SIGN_STYLE = Automatic;
				INFOPLIST_FILE = webViewBoilerplate/Info.plist;
				LD_RUNPATH_SEARCH_PATHS = (
					"$(inherited)",
					"@executable_path/Frameworks",
				);
				PRODUCT_BUNDLE_IDENTIFIER = com.box.webViewBoilerplate;
				PRODUCT_NAME = "$(TARGET_NAME)";
				SWIFT_VERSION = 5.0;
				TARGETED_DEVICE_FAMILY = "1,2";
			};
			name = Debug;
		};
		49392D1623674FAE008AABB9 /* Release */ = {
			isa = XCBuildConfiguration;
			buildSettings = {
				ASSETCATALOG_COMPILER_APPICON_NAME = AppIcon;
				CODE_SIGN_STYLE = Automatic;
				INFOPLIST_FILE = webViewBoilerplate/Info.plist;
				LD_RUNPATH_SEARCH_PATHS = (
					"$(inherited)",
					"@executable_path/Frameworks",
				);
				PRODUCT_BUNDLE_IDENTIFIER = com.box.webViewBoilerplate;
				PRODUCT_NAME = "$(TARGET_NAME)";
				SWIFT_VERSION = 5.0;
				TARGETED_DEVICE_FAMILY = "1,2";
			};
			name = Release;
		};
		49392D1823674FAE008AABB9 /* Debug */ = {
			isa = XCBuildConfiguration;
			buildSettings = {
				ALWAYS_EMBED_SWIFT_STANDARD_LIBRARIES = YES;
				BUNDLE_LOADER = "$(TEST_HOST)";
				CODE_SIGN_STYLE = Automatic;
				INFOPLIST_FILE = webViewBoilerplateTests/Info.plist;
				IPHONEOS_DEPLOYMENT_TARGET = 13.1;
				LD_RUNPATH_SEARCH_PATHS = (
					"$(inherited)",
					"@executable_path/Frameworks",
					"@loader_path/Frameworks",
				);
				PRODUCT_BUNDLE_IDENTIFIER = com.box.webViewBoilerplateTests;
				PRODUCT_NAME = "$(TARGET_NAME)";
				SWIFT_VERSION = 5.0;
				TARGETED_DEVICE_FAMILY = "1,2";
				TEST_HOST = "$(BUILT_PRODUCTS_DIR)/webViewBoilerplate.app/webViewBoilerplate";
			};
			name = Debug;
		};
		49392D1923674FAE008AABB9 /* Release */ = {
			isa = XCBuildConfiguration;
			buildSettings = {
				ALWAYS_EMBED_SWIFT_STANDARD_LIBRARIES = YES;
				BUNDLE_LOADER = "$(TEST_HOST)";
				CODE_SIGN_STYLE = Automatic;
				INFOPLIST_FILE = webViewBoilerplateTests/Info.plist;
				IPHONEOS_DEPLOYMENT_TARGET = 13.1;
				LD_RUNPATH_SEARCH_PATHS = (
					"$(inherited)",
					"@executable_path/Frameworks",
					"@loader_path/Frameworks",
				);
				PRODUCT_BUNDLE_IDENTIFIER = com.box.webViewBoilerplateTests;
				PRODUCT_NAME = "$(TARGET_NAME)";
				SWIFT_VERSION = 5.0;
				TARGETED_DEVICE_FAMILY = "1,2";
				TEST_HOST = "$(BUILT_PRODUCTS_DIR)/webViewBoilerplate.app/webViewBoilerplate";
			};
			name = Release;
		};
		49392D1B23674FAE008AABB9 /* Debug */ = {
			isa = XCBuildConfiguration;
			buildSettings = {
				ALWAYS_EMBED_SWIFT_STANDARD_LIBRARIES = YES;
				CODE_SIGN_STYLE = Automatic;
				INFOPLIST_FILE = webViewBoilerplateUITests/Info.plist;
				LD_RUNPATH_SEARCH_PATHS = (
					"$(inherited)",
					"@executable_path/Frameworks",
					"@loader_path/Frameworks",
				);
				PRODUCT_BUNDLE_IDENTIFIER = com.box.webViewBoilerplateUITests;
				PRODUCT_NAME = "$(TARGET_NAME)";
				SWIFT_VERSION = 5.0;
				TARGETED_DEVICE_FAMILY = "1,2";
				TEST_TARGET_NAME = webViewBoilerplate;
			};
			name = Debug;
		};
		49392D1C23674FAE008AABB9 /* Release */ = {
			isa = XCBuildConfiguration;
			buildSettings = {
				ALWAYS_EMBED_SWIFT_STANDARD_LIBRARIES = YES;
				CODE_SIGN_STYLE = Automatic;
				INFOPLIST_FILE = webViewBoilerplateUITests/Info.plist;
				LD_RUNPATH_SEARCH_PATHS = (
					"$(inherited)",
					"@executable_path/Frameworks",
					"@loader_path/Frameworks",
				);
				PRODUCT_BUNDLE_IDENTIFIER = com.box.webViewBoilerplateUITests;
				PRODUCT_NAME = "$(TARGET_NAME)";
				SWIFT_VERSION = 5.0;
				TARGETED_DEVICE_FAMILY = "1,2";
				TEST_TARGET_NAME = webViewBoilerplate;
			};
			name = Release;
		};
/* End XCBuildConfiguration section */

/* Begin XCConfigurationList section */
		49392CE523674FAC008AABB9 /* Build configuration list for PBXProject "webViewBoilerplate" */ = {
			isa = XCConfigurationList;
			buildConfigurations = (
				49392D1223674FAE008AABB9 /* Debug */,
				49392D1323674FAE008AABB9 /* Release */,
			);
			defaultConfigurationIsVisible = 0;
			defaultConfigurationName = Release;
		};
		49392D1423674FAE008AABB9 /* Build configuration list for PBXNativeTarget "webViewBoilerplate" */ = {
			isa = XCConfigurationList;
			buildConfigurations = (
				49392D1523674FAE008AABB9 /* Debug */,
				49392D1623674FAE008AABB9 /* Release */,
			);
			defaultConfigurationIsVisible = 0;
			defaultConfigurationName = Release;
		};
		49392D1723674FAE008AABB9 /* Build configuration list for PBXNativeTarget "webViewBoilerplateTests" */ = {
			isa = XCConfigurationList;
			buildConfigurations = (
				49392D1823674FAE008AABB9 /* Debug */,
				49392D1923674FAE008AABB9 /* Release */,
			);
			defaultConfigurationIsVisible = 0;
			defaultConfigurationName = Release;
		};
		49392D1A23674FAE008AABB9 /* Build configuration list for PBXNativeTarget "webViewBoilerplateUITests" */ = {
			isa = XCConfigurationList;
			buildConfigurations = (
				49392D1B23674FAE008AABB9 /* Debug */,
				49392D1C23674FAE008AABB9 /* Release */,
			);
			defaultConfigurationIsVisible = 0;
			defaultConfigurationName = Release;
		};
/* End XCConfigurationList section */
	};
	rootObject = 49392CE223674FAC008AABB9 /* Project object */;
}
